{
  "version": 4,
  "terraform_version": "1.1.0",
  "serial": 1,
  "lineage": "c0ee0eb1-8151-3781-7838-2b1e5ff706ea",
  "outputs": {},
  "resources": [
    {
      "module": "module.cluster",
      "mode": "managed",
      "type": "aws_ecs_cluster",
      "name": "this",
      "provider": "module.cluster.provider[\"registry.terraform.io/hashicorp/aws\"]",
      "instances": [
        {
          "schema_version": 0,
          "attributes": {
            "arn": "arn:aws:ecs:eu-west-1:555256523315:cluster/kkalugeroff-ecs",
            "configuration": [
              {
                "execute_command_configuration": [
                  {
                    "kms_key_id": "",
                    "log_configuration": [],
                    "logging": "DEFAULT"
                  }
                ],
                "managed_storage_configuration": []
              }
            ],
            "id": "arn:aws:ecs:eu-west-1:555256523315:cluster/kkalugeroff-ecs",
            "name": "kkalugeroff-ecs",
            "service_connect_defaults": [
              {
                "namespace": "arn:aws:servicediscovery:eu-west-1:555256523315:namespace/ns-cqe4hebqpeo2cau6"
              }
            ],
            "setting": [
              {
                "name": "containerInsights",
                "value": "disabled"
              }
            ],
            "tags": {},
            "tags_all": {}
          },
          "sensitive_attributes": [],
          "private": "eyJzY2hlbWFfdmVyc2lvbiI6IjAifQ=="
        }
      ]
    }
  ]
}
